
Microsoft Visual Studio Solution File, Format Version 12.00
# Visual Studio Version 17
VisualStudioVersion = 17.8.34511.84
MinimumVisualStudioVersion = 10.0.40219.1
Project("{8BC9CEB8-8B4A-11D0-8D11-00A0C91BC942}") = "c++2", "c++2\c++2.vcxproj", "{28B4A051-B000-4856-BA2A-9355D047C146}"
EndProject
Global
	GlobalSection(SolutionConfigurationPlatforms) = preSolution
		Debug|x64 = Debug|x64
		Debug|x86 = Debug|x86
		Release|x64 = Release|x64
		Release|x86 = Release|x86
	EndGlobalSection
	GlobalSection(ProjectConfigurationPlatforms) = postSolution
		{28B4A051-B000-4856-BA2A-9355D047C146}.Debug|x64.ActiveCfg = Debug|x64
		{28B4A051-B000-4856-BA2A-9355D047C146}.Debug|x64.Build.0 = Debug|x64
		{28B4A051-B000-4856-BA2A-9355D047C146}.Debug|x86.ActiveCfg = Debug|Win32
		{28B4A051-B000-4856-BA2A-9355D047C146}.Debug|x86.Build.0 = Debug|Win32
		{28B4A051-B000-4856-BA2A-9355D047C146}.Release|x64.ActiveCfg = Release|x64
		{28B4A051-B000-4856-BA2A-9355D047C146}.Release|x64.Build.0 = Release|x64
		{28B4A051-B000-4856-BA2A-9355D047C146}.Release|x86.ActiveCfg = Release|Win32
		{28B4A051-B000-4856-BA2A-9355D047C146}.Release|x86.Build.0 = Release|Win32
	EndGlobalSection
	GlobalSection(SolutionProperties) = preSolution
		HideSolutionNode = FALSE
	EndGlobalSection
	GlobalSection(ExtensibilityGlobals) = postSolution
		SolutionGuid = {EDEBC278-FC4C-42AE-A3D8-6BBA1F65C539}
	EndGlobalSection
EndGlobal
